
Microsoft Visual Studio Solution File, Format Version 12.00
# Visual Studio Version 16
VisualStudioVersion = 16.0.31402.337
MinimumVisualStudioVersion = 10.0.40219.1
Project("{FAE04EC0-301F-11D3-BF4B-00C04F79EFBC}") = "DemoConsoleAppStorage", "DemoConsoleAppStorage\DemoConsoleAppStorage.csproj", "{D759F3CB-AB25-4027-B711-C863C48C8B21}"
EndProject
Global
	GlobalSection(SolutionConfigurationPlatforms) = preSolution
		Debug|Any CPU = Debug|Any CPU
		Release|Any CPU = Release|Any CPU
	EndGlobalSection
	GlobalSection(ProjectConfigurationPlatforms) = postSolution
		{D759F3CB-AB25-4027-B711-C863C48C8B21}.Debug|Any CPU.ActiveCfg = Debug|Any CPU
		{D759F3CB-AB25-4027-B711-C863C48C8B21}.Debug|Any CPU.Build.0 = Debug|Any CPU
		{D759F3CB-AB25-4027-B711-C863C48C8B21}.Release|Any CPU.ActiveCfg = Release|Any CPU
		{D759F3CB-AB25-4027-B711-C863C48C8B21}.Release|Any CPU.Build.0 = Release|Any CPU
	EndGlobalSection
	GlobalSection(SolutionProperties) = preSolution
		HideSolutionNode = FALSE
	EndGlobalSection
	GlobalSection(ExtensibilityGlobals) = postSolution
		SolutionGuid = {0E0A2ABA-06AF-414D-9F6B-607C8F6A12EB}
	EndGlobalSection
EndGlobal
